
Microsoft Visual Studio Solution File, Format Version 12.00
# Visual Studio Version 16
VisualStudioVersion = 16.0.30114.105
MinimumVisualStudioVersion = 10.0.40219.1
Project("{9A19103F-16F7-4668-BE54-9A1E7A4F7556}") = "FirstNames", "FirstNames\FirstNames.csproj", "{1EC74CCD-B91D-4BB5-925F-73950E889052}"
EndProject
Project("{9A19103F-16F7-4668-BE54-9A1E7A4F7556}") = "SecondNames", "SecondNames\SecondNames.csproj", "{57BFD281-91A2-4793-8AC3-8A4008DF1960}"
EndProject
Project("{9A19103F-16F7-4668-BE54-9A1E7A4F7556}") = "Merge", "Merge\Merge.csproj", "{D59E17DE-296A-4B87-8D8C-C9DE3530C51C}"
EndProject
Project("{9A19103F-16F7-4668-BE54-9A1E7A4F7556}") = "FrontEnd", "FrontEnd\FrontEnd.csproj", "{9788054C-C305-455D-998A-CAAD2F29849F}"
EndProject
Project("{9A19103F-16F7-4668-BE54-9A1E7A4F7556}") = "SuperHeroTest", "SuperHeroTest\SuperHeroTest.csproj", "{82337D3F-2EFB-45B4-9564-E049E9010DA6}"
EndProject
Global
	GlobalSection(SolutionConfigurationPlatforms) = preSolution
		Debug|Any CPU = Debug|Any CPU
		Debug|x64 = Debug|x64
		Debug|x86 = Debug|x86
		Release|Any CPU = Release|Any CPU
		Release|x64 = Release|x64
		Release|x86 = Release|x86
	EndGlobalSection
	GlobalSection(ProjectConfigurationPlatforms) = postSolution
		{1EC74CCD-B91D-4BB5-925F-73950E889052}.Debug|Any CPU.ActiveCfg = Debug|Any CPU
		{1EC74CCD-B91D-4BB5-925F-73950E889052}.Debug|Any CPU.Build.0 = Debug|Any CPU
		{1EC74CCD-B91D-4BB5-925F-73950E889052}.Debug|x64.ActiveCfg = Debug|Any CPU
		{1EC74CCD-B91D-4BB5-925F-73950E889052}.Debug|x64.Build.0 = Debug|Any CPU
		{1EC74CCD-B91D-4BB5-925F-73950E889052}.Debug|x86.ActiveCfg = Debug|Any CPU
		{1EC74CCD-B91D-4BB5-925F-73950E889052}.Debug|x86.Build.0 = Debug|Any CPU
		{1EC74CCD-B91D-4BB5-925F-73950E889052}.Release|Any CPU.ActiveCfg = Release|Any CPU
		{1EC74CCD-B91D-4BB5-925F-73950E889052}.Release|Any CPU.Build.0 = Release|Any CPU
		{1EC74CCD-B91D-4BB5-925F-73950E889052}.Release|x64.ActiveCfg = Release|Any CPU
		{1EC74CCD-B91D-4BB5-925F-73950E889052}.Release|x64.Build.0 = Release|Any CPU
		{1EC74CCD-B91D-4BB5-925F-73950E889052}.Release|x86.ActiveCfg = Release|Any CPU
		{1EC74CCD-B91D-4BB5-925F-73950E889052}.Release|x86.Build.0 = Release|Any CPU
		{57BFD281-91A2-4793-8AC3-8A4008DF1960}.Debug|Any CPU.ActiveCfg = Debug|Any CPU
		{57BFD281-91A2-4793-8AC3-8A4008DF1960}.Debug|Any CPU.Build.0 = Debug|Any CPU
		{57BFD281-91A2-4793-8AC3-8A4008DF1960}.Debug|x64.ActiveCfg = Debug|Any CPU
		{57BFD281-91A2-4793-8AC3-8A4008DF1960}.Debug|x64.Build.0 = Debug|Any CPU
		{57BFD281-91A2-4793-8AC3-8A4008DF1960}.Debug|x86.ActiveCfg = Debug|Any CPU
		{57BFD281-91A2-4793-8AC3-8A4008DF1960}.Debug|x86.Build.0 = Debug|Any CPU
		{57BFD281-91A2-4793-8AC3-8A4008DF1960}.Release|Any CPU.ActiveCfg = Release|Any CPU
		{57BFD281-91A2-4793-8AC3-8A4008DF1960}.Release|Any CPU.Build.0 = Release|Any CPU
		{57BFD281-91A2-4793-8AC3-8A4008DF1960}.Release|x64.ActiveCfg = Release|Any CPU
		{57BFD281-91A2-4793-8AC3-8A4008DF1960}.Release|x64.Build.0 = Release|Any CPU
		{57BFD281-91A2-4793-8AC3-8A4008DF1960}.Release|x86.ActiveCfg = Release|Any CPU
		{57BFD281-91A2-4793-8AC3-8A4008DF1960}.Release|x86.Build.0 = Release|Any CPU
		{D59E17DE-296A-4B87-8D8C-C9DE3530C51C}.Debug|Any CPU.ActiveCfg = Debug|Any CPU
		{D59E17DE-296A-4B87-8D8C-C9DE3530C51C}.Debug|Any CPU.Build.0 = Debug|Any CPU
		{D59E17DE-296A-4B87-8D8C-C9DE3530C51C}.Debug|x64.ActiveCfg = Debug|Any CPU
		{D59E17DE-296A-4B87-8D8C-C9DE3530C51C}.Debug|x64.Build.0 = Debug|Any CPU
		{D59E17DE-296A-4B87-8D8C-C9DE3530C51C}.Debug|x86.ActiveCfg = Debug|Any CPU
		{D59E17DE-296A-4B87-8D8C-C9DE3530C51C}.Debug|x86.Build.0 = Debug|Any CPU
		{D59E17DE-296A-4B87-8D8C-C9DE3530C51C}.Release|Any CPU.ActiveCfg = Release|Any CPU
		{D59E17DE-296A-4B87-8D8C-C9DE3530C51C}.Release|Any CPU.Build.0 = Release|Any CPU
		{D59E17DE-296A-4B87-8D8C-C9DE3530C51C}.Release|x64.ActiveCfg = Release|Any CPU
		{D59E17DE-296A-4B87-8D8C-C9DE3530C51C}.Release|x64.Build.0 = Release|Any CPU
		{D59E17DE-296A-4B87-8D8C-C9DE3530C51C}.Release|x86.ActiveCfg = Release|Any CPU
		{D59E17DE-296A-4B87-8D8C-C9DE3530C51C}.Release|x86.Build.0 = Release|Any CPU
		{9788054C-C305-455D-998A-CAAD2F29849F}.Debug|Any CPU.ActiveCfg = Debug|Any CPU
		{9788054C-C305-455D-998A-CAAD2F29849F}.Debug|Any CPU.Build.0 = Debug|Any CPU
		{9788054C-C305-455D-998A-CAAD2F29849F}.Debug|x64.ActiveCfg = Debug|Any CPU
		{9788054C-C305-455D-998A-CAAD2F29849F}.Debug|x64.Build.0 = Debug|Any CPU
		{9788054C-C305-455D-998A-CAAD2F29849F}.Debug|x86.ActiveCfg = Debug|Any CPU
		{9788054C-C305-455D-998A-CAAD2F29849F}.Debug|x86.Build.0 = Debug|Any CPU
		{9788054C-C305-455D-998A-CAAD2F29849F}.Release|Any CPU.ActiveCfg = Release|Any CPU
		{9788054C-C305-455D-998A-CAAD2F29849F}.Release|Any CPU.Build.0 = Release|Any CPU
		{9788054C-C305-455D-998A-CAAD2F29849F}.Release|x64.ActiveCfg = Release|Any CPU
		{9788054C-C305-455D-998A-CAAD2F29849F}.Release|x64.Build.0 = Release|Any CPU
		{9788054C-C305-455D-998A-CAAD2F29849F}.Release|x86.ActiveCfg = Release|Any CPU
		{9788054C-C305-455D-998A-CAAD2F29849F}.Release|x86.Build.0 = Release|Any CPU
		{82337D3F-2EFB-45B4-9564-E049E9010DA6}.Debug|Any CPU.ActiveCfg = Debug|Any CPU
		{82337D3F-2EFB-45B4-9564-E049E9010DA6}.Debug|Any CPU.Build.0 = Debug|Any CPU
		{82337D3F-2EFB-45B4-9564-E049E9010DA6}.Debug|x64.ActiveCfg = Debug|Any CPU
		{82337D3F-2EFB-45B4-9564-E049E9010DA6}.Debug|x64.Build.0 = Debug|Any CPU
		{82337D3F-2EFB-45B4-9564-E049E9010DA6}.Debug|x86.ActiveCfg = Debug|Any CPU
		{82337D3F-2EFB-45B4-9564-E049E9010DA6}.Debug|x86.Build.0 = Debug|Any CPU
		{82337D3F-2EFB-45B4-9564-E049E9010DA6}.Release|Any CPU.ActiveCfg = Release|Any CPU
		{82337D3F-2EFB-45B4-9564-E049E9010DA6}.Release|Any CPU.Build.0 = Release|Any CPU
		{82337D3F-2EFB-45B4-9564-E049E9010DA6}.Release|x64.ActiveCfg = Release|Any CPU
		{82337D3F-2EFB-45B4-9564-E049E9010DA6}.Release|x64.Build.0 = Release|Any CPU
		{82337D3F-2EFB-45B4-9564-E049E9010DA6}.Release|x86.ActiveCfg = Release|Any CPU
		{82337D3F-2EFB-45B4-9564-E049E9010DA6}.Release|x86.Build.0 = Release|Any CPU
	EndGlobalSection
	GlobalSection(SolutionProperties) = preSolution
		HideSolutionNode = FALSE
	EndGlobalSection
	GlobalSection(ExtensibilityGlobals) = postSolution
		SolutionGuid = {E3AB7933-8926-4257-8530-17396371ED2D}
	EndGlobalSection
EndGlobal
